
Microsoft Visual Studio Solution File, Format Version 12.00
# Visual Studio 15
VisualStudioVersion = 15.0.27703.2026
MinimumVisualStudioVersion = 10.0.40219.1
Project("{8BC9CEB8-8B4A-11D0-8D11-00A0C91BC942}") = "7_x2", "7_x2\7_x2.vcxproj", "{7CB1A99C-1459-4DF8-9F9B-BD64B9663D00}"
EndProject
Global
	GlobalSection(SolutionConfigurationPlatforms) = preSolution
		Debug|x64 = Debug|x64
		Debug|x86 = Debug|x86
		Release|x64 = Release|x64
		Release|x86 = Release|x86
	EndGlobalSection
	GlobalSection(ProjectConfigurationPlatforms) = postSolution
		{7CB1A99C-1459-4DF8-9F9B-BD64B9663D00}.Debug|x64.ActiveCfg = Debug|x64
		{7CB1A99C-1459-4DF8-9F9B-BD64B9663D00}.Debug|x64.Build.0 = Debug|x64
		{7CB1A99C-1459-4DF8-9F9B-BD64B9663D00}.Debug|x86.ActiveCfg = Debug|Win32
		{7CB1A99C-1459-4DF8-9F9B-BD64B9663D00}.Debug|x86.Build.0 = Debug|Win32
		{7CB1A99C-1459-4DF8-9F9B-BD64B9663D00}.Release|x64.ActiveCfg = Release|x64
		{7CB1A99C-1459-4DF8-9F9B-BD64B9663D00}.Release|x64.Build.0 = Release|x64
		{7CB1A99C-1459-4DF8-9F9B-BD64B9663D00}.Release|x86.ActiveCfg = Release|Win32
		{7CB1A99C-1459-4DF8-9F9B-BD64B9663D00}.Release|x86.Build.0 = Release|Win32
	EndGlobalSection
	GlobalSection(SolutionProperties) = preSolution
		HideSolutionNode = FALSE
	EndGlobalSection
	GlobalSection(ExtensibilityGlobals) = postSolution
		SolutionGuid = {18E9C0EA-B6E3-44F9-B91E-F77C70004B5C}
	EndGlobalSection
EndGlobal
