
Microsoft Visual Studio Solution File, Format Version 12.00
# Visual Studio 15
VisualStudioVersion = 15.0.27703.2026
MinimumVisualStudioVersion = 10.0.40219.1
Project("{8BC9CEB8-8B4A-11D0-8D11-00A0C91BC942}") = "10,6", "10,6\10,6.vcxproj", "{BEFC08D7-10FF-459D-9F19-1E1BDD135AEE}"
EndProject
Global
	GlobalSection(SolutionConfigurationPlatforms) = preSolution
		Debug|x64 = Debug|x64
		Debug|x86 = Debug|x86
		Release|x64 = Release|x64
		Release|x86 = Release|x86
	EndGlobalSection
	GlobalSection(ProjectConfigurationPlatforms) = postSolution
		{BEFC08D7-10FF-459D-9F19-1E1BDD135AEE}.Debug|x64.ActiveCfg = Debug|x64
		{BEFC08D7-10FF-459D-9F19-1E1BDD135AEE}.Debug|x64.Build.0 = Debug|x64
		{BEFC08D7-10FF-459D-9F19-1E1BDD135AEE}.Debug|x86.ActiveCfg = Debug|Win32
		{BEFC08D7-10FF-459D-9F19-1E1BDD135AEE}.Debug|x86.Build.0 = Debug|Win32
		{BEFC08D7-10FF-459D-9F19-1E1BDD135AEE}.Release|x64.ActiveCfg = Release|x64
		{BEFC08D7-10FF-459D-9F19-1E1BDD135AEE}.Release|x64.Build.0 = Release|x64
		{BEFC08D7-10FF-459D-9F19-1E1BDD135AEE}.Release|x86.ActiveCfg = Release|Win32
		{BEFC08D7-10FF-459D-9F19-1E1BDD135AEE}.Release|x86.Build.0 = Release|Win32
	EndGlobalSection
	GlobalSection(SolutionProperties) = preSolution
		HideSolutionNode = FALSE
	EndGlobalSection
	GlobalSection(ExtensibilityGlobals) = postSolution
		SolutionGuid = {946D494F-215C-418C-9B33-BD5059C289D1}
	EndGlobalSection
EndGlobal
